// !$*UTF8*$!
{
	archiveVersion = 1;
	classes = {
	};
	objectVersion = 56;
	objects = {

/* Begin PBXBuildFile section */
		3F3423A429DD2C7800C35E69 /* LeastimatorApp.swift in Sources */ = {isa = PBXBuildFile; fileRef = 3F3423A329DD2C7800C35E69 /* LeastimatorApp.swift */; };
		3F3423A629DD2C7800C35E69 /* ContentView.swift in Sources */ = {isa = PBXBuildFile; fileRef = 3F3423A529DD2C7800C35E69 /* ContentView.swift */; };
		3F3423A829DD2C7900C35E69 /* Assets.xcassets in Resources */ = {isa = PBXBuildFile; fileRef = 3F3423A729DD2C7900C35E69 /* Assets.xcassets */; };
		3F3423AB29DD2C7900C35E69 /* Preview Assets.xcassets in Resources */ = {isa = PBXBuildFile; fileRef = 3F3423AA29DD2C7900C35E69 /* Preview Assets.xcassets */; };
		3F3423AD29DD2C7900C35E69 /* Persistence.swift in Sources */ = {isa = PBXBuildFile; fileRef = 3F3423AC29DD2C7900C35E69 /* Persistence.swift */; };
		3F3423B029DD2C7900C35E69 /* Leastimator.xcdatamodeld in Sources */ = {isa = PBXBuildFile; fileRef = 3F3423AE29DD2C7900C35E69 /* Leastimator.xcdatamodeld */; };
		3F3423BA29DD2C7900C35E69 /* LeastimatorTests.swift in Sources */ = {isa = PBXBuildFile; fileRef = 3F3423B929DD2C7900C35E69 /* LeastimatorTests.swift */; };
		3F3423C429DD2C7900C35E69 /* LeastimatorUITests.swift in Sources */ = {isa = PBXBuildFile; fileRef = 3F3423C329DD2C7900C35E69 /* LeastimatorUITests.swift */; };
		3F3423C629DD2C7900C35E69 /* LeastimatorUITestsLaunchTests.swift in Sources */ = {isa = PBXBuildFile; fileRef = 3F3423C529DD2C7900C35E69 /* LeastimatorUITestsLaunchTests.swift */; };
		3F3423D429DD2D1300C35E69 /* Font+Extensions.swift in Sources */ = {isa = PBXBuildFile; fileRef = 3F3423D329DD2D1300C35E69 /* Font+Extensions.swift */; };
		3F3423D629DD2D1F00C35E69 /* Color+Extensions.swift in Sources */ = {isa = PBXBuildFile; fileRef = 3F3423D529DD2D1F00C35E69 /* Color+Extensions.swift */; };
		3F3423D829DD2D2700C35E69 /* Date+Extensions.swift in Sources */ = {isa = PBXBuildFile; fileRef = 3F3423D729DD2D2700C35E69 /* Date+Extensions.swift */; };
		3F3423DA29DD2D3100C35E69 /* UIImage+Extensions.swift in Sources */ = {isa = PBXBuildFile; fileRef = 3F3423D929DD2D3100C35E69 /* UIImage+Extensions.swift */; };
		3F3423DC29DD2D3A00C35E69 /* URL+Extensions.swift in Sources */ = {isa = PBXBuildFile; fileRef = 3F3423DB29DD2D3900C35E69 /* URL+Extensions.swift */; };
		3F3423DE29DD2D4200C35E69 /* String+Extensions.swift in Sources */ = {isa = PBXBuildFile; fileRef = 3F3423DD29DD2D4200C35E69 /* String+Extensions.swift */; };
		3F3423E029DD2DB700C35E69 /* ComputeUtils.swift in Sources */ = {isa = PBXBuildFile; fileRef = 3F3423DF29DD2DB700C35E69 /* ComputeUtils.swift */; };
		3F3423E229DD2DDC00C35E69 /* LineGraph.swift in Sources */ = {isa = PBXBuildFile; fileRef = 3F3423E129DD2DDC00C35E69 /* LineGraph.swift */; };
		3F3423E429DD2EB400C35E69 /* ErrorHandler.swift in Sources */ = {isa = PBXBuildFile; fileRef = 3F3423E329DD2EB400C35E69 /* ErrorHandler.swift */; };
		3F3423E629DD2ED200C35E69 /* PurchaseManager.swift in Sources */ = {isa = PBXBuildFile; fileRef = 3F3423E529DD2ED200C35E69 /* PurchaseManager.swift */; };
		3F3423E929DD2F0D00C35E69 /* TPInAppReceipt in Frameworks */ = {isa = PBXBuildFile; productRef = 3F3423E829DD2F0D00C35E69 /* TPInAppReceipt */; };
		3F3423EB29DD2F2700C35E69 /* SheetStore.swift in Sources */ = {isa = PBXBuildFile; fileRef = 3F3423EA29DD2F2700C35E69 /* SheetStore.swift */; };
		3F3423ED29DD2F4400C35E69 /* Logger.swift in Sources */ = {isa = PBXBuildFile; fileRef = 3F3423EC29DD2F4400C35E69 /* Logger.swift */; };
		3F3423F029DD2F5E00C35E69 /* Mixpanel in Frameworks */ = {isa = PBXBuildFile; productRef = 3F3423EF29DD2F5E00C35E69 /* Mixpanel */; };
		3F3423F229DD2F7900C35E69 /* VehicleRow.swift in Sources */ = {isa = PBXBuildFile; fileRef = 3F3423F129DD2F7900C35E69 /* VehicleRow.swift */; };
		3F3423F429DD2F9700C35E69 /* VehicleAvatar.swift in Sources */ = {isa = PBXBuildFile; fileRef = 3F3423F329DD2F9700C35E69 /* VehicleAvatar.swift */; };
		3F3423F629DD2FB600C35E69 /* VehiclePresentation.swift in Sources */ = {isa = PBXBuildFile; fileRef = 3F3423F529DD2FB600C35E69 /* VehiclePresentation.swift */; };
		3F3423F929DD2FDF00C35E69 /* SwiftRater in Frameworks */ = {isa = PBXBuildFile; productRef = 3F3423F829DD2FDF00C35E69 /* SwiftRater */; };
		3F3423FD29DD301F00C35E69 /* UnitUtils.swift in Sources */ = {isa = PBXBuildFile; fileRef = 3F3423FC29DD301F00C35E69 /* UnitUtils.swift */; };
		3F3423FF29DD303900C35E69 /* ProBadge.swift in Sources */ = {isa = PBXBuildFile; fileRef = 3F3423FE29DD303900C35E69 /* ProBadge.swift */; };
		3F34240129DD305000C35E69 /* ProProductsView.swift in Sources */ = {isa = PBXBuildFile; fileRef = 3F34240029DD305000C35E69 /* ProProductsView.swift */; };
		3F34240329DD307F00C35E69 /* ProgressCircle.swift in Sources */ = {isa = PBXBuildFile; fileRef = 3F34240229DD307F00C35E69 /* ProgressCircle.swift */; };
		3F34240529DD309200C35E69 /* SettingsView.swift in Sources */ = {isa = PBXBuildFile; fileRef = 3F34240429DD309200C35E69 /* SettingsView.swift */; };
		3F34240729DD30A400C35E69 /* GADBannerView.swift in Sources */ = {isa = PBXBuildFile; fileRef = 3F34240629DD30A400C35E69 /* GADBannerView.swift */; };
		3F34240A29DD30BF00C35E69 /* GoogleMobileAds in Frameworks */ = {isa = PBXBuildFile; productRef = 3F34240929DD30BF00C35E69 /* GoogleMobileAds */; };
		3F34240C29DD30DA00C35E69 /* ReadingList.swift in Sources */ = {isa = PBXBuildFile; fileRef = 3F34240B29DD30DA00C35E69 /* ReadingList.swift */; };
		3F34240E29DD30ED00C35E69 /* EditReadingView.swift in Sources */ = {isa = PBXBuildFile; fileRef = 3F34240D29DD30ED00C35E69 /* EditReadingView.swift */; };
		3F34241029DD30FF00C35E69 /* EditVehicleView.swift in Sources */ = {isa = PBXBuildFile; fileRef = 3F34240F29DD30FF00C35E69 /* EditVehicleView.swift */; };
		3F34241229DD311B00C35E69 /* MileagePicker.swift in Sources */ = {isa = PBXBuildFile; fileRef = 3F34241129DD311B00C35E69 /* MileagePicker.swift */; };
		3F34241429DD313000C35E69 /* ImagePicker.swift in Sources */ = {isa = PBXBuildFile; fileRef = 3F34241329DD313000C35E69 /* ImagePicker.swift */; };
		3F34241829DD31AE00C35E69 /* Card.swift in Sources */ = {isa = PBXBuildFile; fileRef = 3F34241729DD31AE00C35E69 /* Card.swift */; };
		3F34241A29DD324A00C35E69 /* NotificationManager.swift in Sources */ = {isa = PBXBuildFile; fileRef = 3F34241929DD324A00C35E69 /* NotificationManager.swift */; };
		3FB0212029E90B31005E615E /* BarGraph.swift in Sources */ = {isa = PBXBuildFile; fileRef = 3FB0211F29E90B31005E615E /* BarGraph.swift */; };
		3FCC7E5E29DE762800AC7620 /* Localizable.strings in Resources */ = {isa = PBXBuildFile; fileRef = 3FCC7E6029DE762800AC7620 /* Localizable.strings */; };
/* End PBXBuildFile section */

/* Begin PBXContainerItemProxy section */
		3F3423B629DD2C7900C35E69 /* PBXContainerItemProxy */ = {
			isa = PBXContainerItemProxy;
			containerPortal = 3F34239829DD2C7800C35E69 /* Project object */;
			proxyType = 1;
			remoteGlobalIDString = 3F34239F29DD2C7800C35E69;
			remoteInfo = Leastimator;
		};
		3F3423C029DD2C7900C35E69 /* PBXContainerItemProxy */ = {
			isa = PBXContainerItemProxy;
			containerPortal = 3F34239829DD2C7800C35E69 /* Project object */;
			proxyType = 1;
			remoteGlobalIDString = 3F34239F29DD2C7800C35E69;
			remoteInfo = Leastimator;
		};
/* End PBXContainerItemProxy section */

/* Begin PBXFileReference section */
		3F3423A029DD2C7800C35E69 /* Leastimator.app */ = {isa = PBXFileReference; explicitFileType = wrapper.application; includeInIndex = 0; path = Leastimator.app; sourceTree = BUILT_PRODUCTS_DIR; };
		3F3423A329DD2C7800C35E69 /* LeastimatorApp.swift */ = {isa = PBXFileReference; lastKnownFileType = sourcecode.swift; path = LeastimatorApp.swift; sourceTree = "<group>"; };
		3F3423A529DD2C7800C35E69 /* ContentView.swift */ = {isa = PBXFileReference; lastKnownFileType = sourcecode.swift; path = ContentView.swift; sourceTree = "<group>"; };
		3F3423A729DD2C7900C35E69 /* Assets.xcassets */ = {isa = PBXFileReference; lastKnownFileType = folder.assetcatalog; path = Assets.xcassets; sourceTree = "<group>"; };
		3F3423AA29DD2C7900C35E69 /* Preview Assets.xcassets */ = {isa = PBXFileReference; lastKnownFileType = folder.assetcatalog; path = "Preview Assets.xcassets"; sourceTree = "<group>"; };
		3F3423AC29DD2C7900C35E69 /* Persistence.swift */ = {isa = PBXFileReference; lastKnownFileType = sourcecode.swift; path = Persistence.swift; sourceTree = "<group>"; };
		3F3423AF29DD2C7900C35E69 /* Leastimator.xcdatamodel */ = {isa = PBXFileReference; lastKnownFileType = wrapper.xcdatamodel; path = Leastimator.xcdatamodel; sourceTree = "<group>"; };
		3F3423B529DD2C7900C35E69 /* LeastimatorTests.xctest */ = {isa = PBXFileReference; explicitFileType = wrapper.cfbundle; includeInIndex = 0; path = LeastimatorTests.xctest; sourceTree = BUILT_PRODUCTS_DIR; };
		3F3423B929DD2C7900C35E69 /* LeastimatorTests.swift */ = {isa = PBXFileReference; lastKnownFileType = sourcecode.swift; path = LeastimatorTests.swift; sourceTree = "<group>"; };
		3F3423BF29DD2C7900C35E69 /* LeastimatorUITests.xctest */ = {isa = PBXFileReference; explicitFileType = wrapper.cfbundle; includeInIndex = 0; path = LeastimatorUITests.xctest; sourceTree = BUILT_PRODUCTS_DIR; };
		3F3423C329DD2C7900C35E69 /* LeastimatorUITests.swift */ = {isa = PBXFileReference; lastKnownFileType = sourcecode.swift; path = LeastimatorUITests.swift; sourceTree = "<group>"; };
		3F3423C529DD2C7900C35E69 /* LeastimatorUITestsLaunchTests.swift */ = {isa = PBXFileReference; lastKnownFileType = sourcecode.swift; path = LeastimatorUITestsLaunchTests.swift; sourceTree = "<group>"; };
		3F3423D329DD2D1300C35E69 /* Font+Extensions.swift */ = {isa = PBXFileReference; lastKnownFileType = sourcecode.swift; path = "Font+Extensions.swift"; sourceTree = "<group>"; };
		3F3423D529DD2D1F00C35E69 /* Color+Extensions.swift */ = {isa = PBXFileReference; lastKnownFileType = sourcecode.swift; path = "Color+Extensions.swift"; sourceTree = "<group>"; };
		3F3423D729DD2D2700C35E69 /* Date+Extensions.swift */ = {isa = PBXFileReference; lastKnownFileType = sourcecode.swift; path = "Date+Extensions.swift"; sourceTree = "<group>"; };
		3F3423D929DD2D3100C35E69 /* UIImage+Extensions.swift */ = {isa = PBXFileReference; lastKnownFileType = sourcecode.swift; path = "UIImage+Extensions.swift"; sourceTree = "<group>"; };
		3F3423DB29DD2D3900C35E69 /* URL+Extensions.swift */ = {isa = PBXFileReference; lastKnownFileType = sourcecode.swift; path = "URL+Extensions.swift"; sourceTree = "<group>"; };
		3F3423DD29DD2D4200C35E69 /* String+Extensions.swift */ = {isa = PBXFileReference; lastKnownFileType = sourcecode.swift; path = "String+Extensions.swift"; sourceTree = "<group>"; };
		3F3423DF29DD2DB700C35E69 /* ComputeUtils.swift */ = {isa = PBXFileReference; lastKnownFileType = sourcecode.swift; path = ComputeUtils.swift; sourceTree = "<group>"; };
		3F3423E129DD2DDC00C35E69 /* LineGraph.swift */ = {isa = PBXFileReference; lastKnownFileType = sourcecode.swift; path = LineGraph.swift; sourceTree = "<group>"; };
		3F3423E329DD2EB400C35E69 /* ErrorHandler.swift */ = {isa = PBXFileReference; lastKnownFileType = sourcecode.swift; path = ErrorHandler.swift; sourceTree = "<group>"; };
		3F3423E529DD2ED200C35E69 /* PurchaseManager.swift */ = {isa = PBXFileReference; lastKnownFileType = sourcecode.swift; path = PurchaseManager.swift; sourceTree = "<group>"; };
		3F3423EA29DD2F2700C35E69 /* SheetStore.swift */ = {isa = PBXFileReference; lastKnownFileType = sourcecode.swift; path = SheetStore.swift; sourceTree = "<group>"; };
		3F3423EC29DD2F4400C35E69 /* Logger.swift */ = {isa = PBXFileReference; lastKnownFileType = sourcecode.swift; path = Logger.swift; sourceTree = "<group>"; };
		3F3423F129DD2F7900C35E69 /* VehicleRow.swift */ = {isa = PBXFileReference; lastKnownFileType = sourcecode.swift; path = VehicleRow.swift; sourceTree = "<group>"; };
		3F3423F329DD2F9700C35E69 /* VehicleAvatar.swift */ = {isa = PBXFileReference; lastKnownFileType = sourcecode.swift; path = VehicleAvatar.swift; sourceTree = "<group>"; };
		3F3423F529DD2FB600C35E69 /* VehiclePresentation.swift */ = {isa = PBXFileReference; lastKnownFileType = sourcecode.swift; path = VehiclePresentation.swift; sourceTree = "<group>"; };
		3F3423FC29DD301F00C35E69 /* UnitUtils.swift */ = {isa = PBXFileReference; lastKnownFileType = sourcecode.swift; path = UnitUtils.swift; sourceTree = "<group>"; };
		3F3423FE29DD303900C35E69 /* ProBadge.swift */ = {isa = PBXFileReference; lastKnownFileType = sourcecode.swift; path = ProBadge.swift; sourceTree = "<group>"; };
		3F34240029DD305000C35E69 /* ProProductsView.swift */ = {isa = PBXFileReference; lastKnownFileType = sourcecode.swift; path = ProProductsView.swift; sourceTree = "<group>"; };
		3F34240229DD307F00C35E69 /* ProgressCircle.swift */ = {isa = PBXFileReference; lastKnownFileType = sourcecode.swift; path = ProgressCircle.swift; sourceTree = "<group>"; };
		3F34240429DD309200C35E69 /* SettingsView.swift */ = {isa = PBXFileReference; lastKnownFileType = sourcecode.swift; path = SettingsView.swift; sourceTree = "<group>"; };
		3F34240629DD30A400C35E69 /* GADBannerView.swift */ = {isa = PBXFileReference; lastKnownFileType = sourcecode.swift; path = GADBannerView.swift; sourceTree = "<group>"; };
		3F34240B29DD30DA00C35E69 /* ReadingList.swift */ = {isa = PBXFileReference; lastKnownFileType = sourcecode.swift; path = ReadingList.swift; sourceTree = "<group>"; };
		3F34240D29DD30ED00C35E69 /* EditReadingView.swift */ = {isa = PBXFileReference; lastKnownFileType = sourcecode.swift; path = EditReadingView.swift; sourceTree = "<group>"; };
		3F34240F29DD30FF00C35E69 /* EditVehicleView.swift */ = {isa = PBXFileReference; lastKnownFileType = sourcecode.swift; path = EditVehicleView.swift; sourceTree = "<group>"; };
		3F34241129DD311B00C35E69 /* MileagePicker.swift */ = {isa = PBXFileReference; lastKnownFileType = sourcecode.swift; path = MileagePicker.swift; sourceTree = "<group>"; };
		3F34241329DD313000C35E69 /* ImagePicker.swift */ = {isa = PBXFileReference; lastKnownFileType = sourcecode.swift; path = ImagePicker.swift; sourceTree = "<group>"; };
		3F34241729DD31AE00C35E69 /* Card.swift */ = {isa = PBXFileReference; lastKnownFileType = sourcecode.swift; path = Card.swift; sourceTree = "<group>"; };
		3F34241929DD324A00C35E69 /* NotificationManager.swift */ = {isa = PBXFileReference; lastKnownFileType = sourcecode.swift; path = NotificationManager.swift; sourceTree = "<group>"; };
		3F34241B29DD337A00C35E69 /* Info.plist */ = {isa = PBXFileReference; lastKnownFileType = text.plist; path = Info.plist; sourceTree = "<group>"; };
		3F34241D29DD345600C35E69 /* Leastimator.entitlements */ = {isa = PBXFileReference; lastKnownFileType = text.plist.entitlements; path = Leastimator.entitlements; sourceTree = "<group>"; };
		3FB0211F29E90B31005E615E /* BarGraph.swift */ = {isa = PBXFileReference; lastKnownFileType = sourcecode.swift; path = BarGraph.swift; sourceTree = "<group>"; };
		3FCC7E5F29DE762800AC7620 /* en */ = {isa = PBXFileReference; lastKnownFileType = text.plist.strings; name = en; path = en.lproj/Localizable.strings; sourceTree = "<group>"; };
		3FCC7E6129DE764600AC7620 /* de */ = {isa = PBXFileReference; lastKnownFileType = text.plist.strings; name = de; path = de.lproj/Localizable.strings; sourceTree = "<group>"; };
/* End PBXFileReference section */

/* Begin PBXFrameworksBuildPhase section */
		3F34239D29DD2C7800C35E69 /* Frameworks */ = {
			isa = PBXFrameworksBuildPhase;
			buildActionMask = 2147483647;
			files = (
				3F34240A29DD30BF00C35E69 /* GoogleMobileAds in Frameworks */,
				3F3423F929DD2FDF00C35E69 /* SwiftRater in Frameworks */,
				3F3423F029DD2F5E00C35E69 /* Mixpanel in Frameworks */,
				3F3423E929DD2F0D00C35E69 /* TPInAppReceipt in Frameworks */,
			);
			runOnlyForDeploymentPostprocessing = 0;
		};
		3F3423B229DD2C7900C35E69 /* Frameworks */ = {
			isa = PBXFrameworksBuildPhase;
			buildActionMask = 2147483647;
			files = (
			);
			runOnlyForDeploymentPostprocessing = 0;
		};
		3F3423BC29DD2C7900C35E69 /* Frameworks */ = {
			isa = PBXFrameworksBuildPhase;
			buildActionMask = 2147483647;
			files = (
			);
			runOnlyForDeploymentPostprocessing = 0;
		};
/* End PBXFrameworksBuildPhase section */

/* Begin PBXGroup section */
		3F34239729DD2C7800C35E69 = {
			isa = PBXGroup;
			children = (
				3F3423A229DD2C7800C35E69 /* Leastimator */,
				3F3423B829DD2C7900C35E69 /* LeastimatorTests */,
				3F3423C229DD2C7900C35E69 /* LeastimatorUITests */,
				3F3423A129DD2C7800C35E69 /* Products */,
			);
			sourceTree = "<group>";
		};
		3F3423A129DD2C7800C35E69 /* Products */ = {
			isa = PBXGroup;
			children = (
				3F3423A029DD2C7800C35E69 /* Leastimator.app */,
				3F3423B529DD2C7900C35E69 /* LeastimatorTests.xctest */,
				3F3423BF29DD2C7900C35E69 /* LeastimatorUITests.xctest */,
			);
			name = Products;
			sourceTree = "<group>";
		};
		3F3423A229DD2C7800C35E69 /* Leastimator */ = {
			isa = PBXGroup;
			children = (
				3F34241D29DD345600C35E69 /* Leastimator.entitlements */,
				3F34241B29DD337A00C35E69 /* Info.plist */,
				3F3423A729DD2C7900C35E69 /* Assets.xcassets */,
				3F34241729DD31AE00C35E69 /* Card.swift */,
				3F3423DF29DD2DB700C35E69 /* ComputeUtils.swift */,
				3F3423A529DD2C7800C35E69 /* ContentView.swift */,
				3F34240D29DD30ED00C35E69 /* EditReadingView.swift */,
				3F34240F29DD30FF00C35E69 /* EditVehicleView.swift */,
				3F3423E329DD2EB400C35E69 /* ErrorHandler.swift */,
				3F3423D229DD2D0500C35E69 /* Extensions */,
				3F34240629DD30A400C35E69 /* GADBannerView.swift */,
				3F34241329DD313000C35E69 /* ImagePicker.swift */,
				3F3423AE29DD2C7900C35E69 /* Leastimator.xcdatamodeld */,
				3F3423A329DD2C7800C35E69 /* LeastimatorApp.swift */,
				3F3423E129DD2DDC00C35E69 /* LineGraph.swift */,
				3FB0211F29E90B31005E615E /* BarGraph.swift */,
				3F3423EC29DD2F4400C35E69 /* Logger.swift */,
				3F34241129DD311B00C35E69 /* MileagePicker.swift */,
				3F3423AC29DD2C7900C35E69 /* Persistence.swift */,
				3F3423A929DD2C7900C35E69 /* Preview Content */,
				3F3423FE29DD303900C35E69 /* ProBadge.swift */,
				3F34240229DD307F00C35E69 /* ProgressCircle.swift */,
				3F34240029DD305000C35E69 /* ProProductsView.swift */,
				3F3423E529DD2ED200C35E69 /* PurchaseManager.swift */,
				3F34240B29DD30DA00C35E69 /* ReadingList.swift */,
				3F34240429DD309200C35E69 /* SettingsView.swift */,
				3F3423EA29DD2F2700C35E69 /* SheetStore.swift */,
				3F3423FC29DD301F00C35E69 /* UnitUtils.swift */,
				3F3423F329DD2F9700C35E69 /* VehicleAvatar.swift */,
				3F3423F529DD2FB600C35E69 /* VehiclePresentation.swift */,
				3F3423F129DD2F7900C35E69 /* VehicleRow.swift */,
				3F34241929DD324A00C35E69 /* NotificationManager.swift */,
				3FCC7E6029DE762800AC7620 /* Localizable.strings */,
			);
			path = Leastimator;
			sourceTree = "<group>";
		};
		3F3423A929DD2C7900C35E69 /* Preview Content */ = {
			isa = PBXGroup;
			children = (
				3F3423AA29DD2C7900C35E69 /* Preview Assets.xcassets */,
			);
			path = "Preview Content";
			sourceTree = "<group>";
		};
		3F3423B829DD2C7900C35E69 /* LeastimatorTests */ = {
			isa = PBXGroup;
			children = (
				3F3423B929DD2C7900C35E69 /* LeastimatorTests.swift */,
			);
			path = LeastimatorTests;
			sourceTree = "<group>";
		};
		3F3423C229DD2C7900C35E69 /* LeastimatorUITests */ = {
			isa = PBXGroup;
			children = (
				3F3423C329DD2C7900C35E69 /* LeastimatorUITests.swift */,
				3F3423C529DD2C7900C35E69 /* LeastimatorUITestsLaunchTests.swift */,
			);
			path = LeastimatorUITests;
			sourceTree = "<group>";
		};
		3F3423D229DD2D0500C35E69 /* Extensions */ = {
			isa = PBXGroup;
			children = (
				3F3423D329DD2D1300C35E69 /* Font+Extensions.swift */,
				3F3423D529DD2D1F00C35E69 /* Color+Extensions.swift */,
				3F3423D729DD2D2700C35E69 /* Date+Extensions.swift */,
				3F3423D929DD2D3100C35E69 /* UIImage+Extensions.swift */,
				3F3423DB29DD2D3900C35E69 /* URL+Extensions.swift */,
				3F3423DD29DD2D4200C35E69 /* String+Extensions.swift */,
			);
			path = Extensions;
			sourceTree = "<group>";
		};
/* End PBXGroup section */

/* Begin PBXNativeTarget section */
		3F34239F29DD2C7800C35E69 /* Leastimator */ = {
			isa = PBXNativeTarget;
			buildConfigurationList = 3F3423C929DD2C7900C35E69 /* Build configuration list for PBXNativeTarget "Leastimator" */;
			buildPhases = (
				3F34239C29DD2C7800C35E69 /* Sources */,
				3F34239D29DD2C7800C35E69 /* Frameworks */,
				3F34239E29DD2C7800C35E69 /* Resources */,
			);
			buildRules = (
			);
			dependencies = (
			);
			name = Leastimator;
			packageProductDependencies = (
				3F3423E829DD2F0D00C35E69 /* TPInAppReceipt */,
				3F3423EF29DD2F5E00C35E69 /* Mixpanel */,
				3F3423F829DD2FDF00C35E69 /* SwiftRater */,
				3F34240929DD30BF00C35E69 /* GoogleMobileAds */,
			);
			productName = Leastimator;
			productReference = 3F3423A029DD2C7800C35E69 /* Leastimator.app */;
			productType = "com.apple.product-type.application";
		};
		3F3423B429DD2C7900C35E69 /* LeastimatorTests */ = {
			isa = PBXNativeTarget;
			buildConfigurationList = 3F3423CC29DD2C7900C35E69 /* Build configuration list for PBXNativeTarget "LeastimatorTests" */;
			buildPhases = (
				3F3423B129DD2C7900C35E69 /* Sources */,
				3F3423B229DD2C7900C35E69 /* Frameworks */,
				3F3423B329DD2C7900C35E69 /* Resources */,
			);
			buildRules = (
			);
			dependencies = (
				3F3423B729DD2C7900C35E69 /* PBXTargetDependency */,
			);
			name = LeastimatorTests;
			productName = LeastimatorTests;
			productReference = 3F3423B529DD2C7900C35E69 /* LeastimatorTests.xctest */;
			productType = "com.apple.product-type.bundle.unit-test";
		};
		3F3423BE29DD2C7900C35E69 /* LeastimatorUITests */ = {
			isa = PBXNativeTarget;
			buildConfigurationList = 3F3423CF29DD2C7900C35E69 /* Build configuration list for PBXNativeTarget "LeastimatorUITests" */;
			buildPhases = (
				3F3423BB29DD2C7900C35E69 /* Sources */,
				3F3423BC29DD2C7900C35E69 /* Frameworks */,
				3F3423BD29DD2C7900C35E69 /* Resources */,
			);
			buildRules = (
			);
			dependencies = (
				3F3423C129DD2C7900C35E69 /* PBXTargetDependency */,
			);
			name = LeastimatorUITests;
			productName = LeastimatorUITests;
			productReference = 3F3423BF29DD2C7900C35E69 /* LeastimatorUITests.xctest */;
			productType = "com.apple.product-type.bundle.ui-testing";
		};
/* End PBXNativeTarget section */

/* Begin PBXProject section */
		3F34239829DD2C7800C35E69 /* Project object */ = {
			isa = PBXProject;
			attributes = {
				BuildIndependentTargetsInParallel = 1;
				LastSwiftUpdateCheck = 1430;
				LastUpgradeCheck = 1430;
				TargetAttributes = {
					3F34239F29DD2C7800C35E69 = {
						CreatedOnToolsVersion = 14.3;
					};
					3F3423B429DD2C7900C35E69 = {
						CreatedOnToolsVersion = 14.3;
						TestTargetID = 3F34239F29DD2C7800C35E69;
					};
					3F3423BE29DD2C7900C35E69 = {
						CreatedOnToolsVersion = 14.3;
						TestTargetID = 3F34239F29DD2C7800C35E69;
					};
				};
			};
			buildConfigurationList = 3F34239B29DD2C7800C35E69 /* Build configuration list for PBXProject "Leastimator" */;
			compatibilityVersion = "Xcode 14.0";
			developmentRegion = en;
			hasScannedForEncodings = 0;
			knownRegions = (
				en,
				Base,
				de,
			);
			mainGroup = 3F34239729DD2C7800C35E69;
			packageReferences = (
				3F3423E729DD2F0D00C35E69 /* XCRemoteSwiftPackageReference "TPInAppReceipt" */,
				3F3423EE29DD2F5E00C35E69 /* XCRemoteSwiftPackageReference "mixpanel-swift" */,
				3F3423F729DD2FDF00C35E69 /* XCRemoteSwiftPackageReference "SwiftRater" */,
				3F34240829DD30BF00C35E69 /* XCRemoteSwiftPackageReference "swift-package-manager-google-mobile-ads" */,
			);
			productRefGroup = 3F3423A129DD2C7800C35E69 /* Products */;
			projectDirPath = "";
			projectRoot = "";
			targets = (
				3F34239F29DD2C7800C35E69 /* Leastimator */,
				3F3423B429DD2C7900C35E69 /* LeastimatorTests */,
				3F3423BE29DD2C7900C35E69 /* LeastimatorUITests */,
			);
		};
/* End PBXProject section */

/* Begin PBXResourcesBuildPhase section */
		3F34239E29DD2C7800C35E69 /* Resources */ = {
			isa = PBXResourcesBuildPhase;
			buildActionMask = 2147483647;
			files = (
				3F3423AB29DD2C7900C35E69 /* Preview Assets.xcassets in Resources */,
				3FCC7E5E29DE762800AC7620 /* Localizable.strings in Resources */,
				3F3423A829DD2C7900C35E69 /* Assets.xcassets in Resources */,
			);
			runOnlyForDeploymentPostprocessing = 0;
		};
		3F3423B329DD2C7900C35E69 /* Resources */ = {
			isa = PBXResourcesBuildPhase;
			buildActionMask = 2147483647;
			files = (
			);
			runOnlyForDeploymentPostprocessing = 0;
		};
		3F3423BD29DD2C7900C35E69 /* Resources */ = {
			isa = PBXResourcesBuildPhase;
			buildActionMask = 2147483647;
			files = (
			);
			runOnlyForDeploymentPostprocessing = 0;
		};
/* End PBXResourcesBuildPhase section */

/* Begin PBXSourcesBuildPhase section */
		3F34239C29DD2C7800C35E69 /* Sources */ = {
			isa = PBXSourcesBuildPhase;
			buildActionMask = 2147483647;
			files = (
				3F34240E29DD30ED00C35E69 /* EditReadingView.swift in Sources */,
				3F34241029DD30FF00C35E69 /* EditVehicleView.swift in Sources */,
				3F3423DE29DD2D4200C35E69 /* String+Extensions.swift in Sources */,
				3F3423AD29DD2C7900C35E69 /* Persistence.swift in Sources */,
				3F34241229DD311B00C35E69 /* MileagePicker.swift in Sources */,
				3F3423B029DD2C7900C35E69 /* Leastimator.xcdatamodeld in Sources */,
				3F34240329DD307F00C35E69 /* ProgressCircle.swift in Sources */,
				3F3423F229DD2F7900C35E69 /* VehicleRow.swift in Sources */,
				3F3423D829DD2D2700C35E69 /* Date+Extensions.swift in Sources */,
				3F3423E229DD2DDC00C35E69 /* LineGraph.swift in Sources */,
				3F3423E429DD2EB400C35E69 /* ErrorHandler.swift in Sources */,
				3F3423D429DD2D1300C35E69 /* Font+Extensions.swift in Sources */,
				3FB0212029E90B31005E615E /* BarGraph.swift in Sources */,
				3F34240529DD309200C35E69 /* SettingsView.swift in Sources */,
				3F3423ED29DD2F4400C35E69 /* Logger.swift in Sources */,
				3F3423DC29DD2D3A00C35E69 /* URL+Extensions.swift in Sources */,
				3F34241A29DD324A00C35E69 /* NotificationManager.swift in Sources */,
				3F3423E629DD2ED200C35E69 /* PurchaseManager.swift in Sources */,
				3F3423FD29DD301F00C35E69 /* UnitUtils.swift in Sources */,
				3F3423A629DD2C7800C35E69 /* ContentView.swift in Sources */,
				3F3423A429DD2C7800C35E69 /* LeastimatorApp.swift in Sources */,
				3F34240C29DD30DA00C35E69 /* ReadingList.swift in Sources */,
				3F34240729DD30A400C35E69 /* GADBannerView.swift in Sources */,
				3F3423D629DD2D1F00C35E69 /* Color+Extensions.swift in Sources */,
				3F3423DA29DD2D3100C35E69 /* UIImage+Extensions.swift in Sources */,
				3F34240129DD305000C35E69 /* ProProductsView.swift in Sources */,
				3F3423E029DD2DB700C35E69 /* ComputeUtils.swift in Sources */,
				3F3423EB29DD2F2700C35E69 /* SheetStore.swift in Sources */,
				3F3423FF29DD303900C35E69 /* ProBadge.swift in Sources */,
				3F34241429DD313000C35E69 /* ImagePicker.swift in Sources */,
				3F3423F429DD2F9700C35E69 /* VehicleAvatar.swift in Sources */,
				3F3423F629DD2FB600C35E69 /* VehiclePresentation.swift in Sources */,
				3F34241829DD31AE00C35E69 /* Card.swift in Sources */,
			);
			runOnlyForDeploymentPostprocessing = 0;
		};
		3F3423B129DD2C7900C35E69 /* Sources */ = {
			isa = PBXSourcesBuildPhase;
			buildActionMask = 2147483647;
			files = (
				3F3423BA29DD2C7900C35E69 /* LeastimatorTests.swift in Sources */,
			);
			runOnlyForDeploymentPostprocessing = 0;
		};
		3F3423BB29DD2C7900C35E69 /* Sources */ = {
			isa = PBXSourcesBuildPhase;
			buildActionMask = 2147483647;
			files = (
				3F3423C629DD2C7900C35E69 /* LeastimatorUITestsLaunchTests.swift in Sources */,
				3F3423C429DD2C7900C35E69 /* LeastimatorUITests.swift in Sources */,
			);
			runOnlyForDeploymentPostprocessing = 0;
		};
/* End PBXSourcesBuildPhase section */

/* Begin PBXTargetDependency section */
		3F3423B729DD2C7900C35E69 /* PBXTargetDependency */ = {
			isa = PBXTargetDependency;
			target = 3F34239F29DD2C7800C35E69 /* Leastimator */;
			targetProxy = 3F3423B629DD2C7900C35E69 /* PBXContainerItemProxy */;
		};
		3F3423C129DD2C7900C35E69 /* PBXTargetDependency */ = {
			isa = PBXTargetDependency;
			target = 3F34239F29DD2C7800C35E69 /* Leastimator */;
			targetProxy = 3F3423C029DD2C7900C35E69 /* PBXContainerItemProxy */;
		};
/* End PBXTargetDependency section */

/* Begin PBXVariantGroup section */
		3FCC7E6029DE762800AC7620 /* Localizable.strings */ = {
			isa = PBXVariantGroup;
			children = (
				3FCC7E5F29DE762800AC7620 /* en */,
				3FCC7E6129DE764600AC7620 /* de */,
			);
			name = Localizable.strings;
			sourceTree = "<group>";
		};
/* End PBXVariantGroup section */

/* Begin XCBuildConfiguration section */
		3F3423C729DD2C7900C35E69 /* Debug */ = {
			isa = XCBuildConfiguration;
			buildSettings = {
				ALWAYS_SEARCH_USER_PATHS = NO;
				CLANG_ANALYZER_LOCALIZABILITY_NONLOCALIZED = YES;
				CLANG_ANALYZER_NONNULL = YES;
				CLANG_ANALYZER_NUMBER_OBJECT_CONVERSION = YES_AGGRESSIVE;
				CLANG_CXX_LANGUAGE_STANDARD = "gnu++20";
				CLANG_ENABLE_MODULES = YES;
				CLANG_ENABLE_OBJC_ARC = YES;
				CLANG_ENABLE_OBJC_WEAK = YES;
				CLANG_WARN_BLOCK_CAPTURE_AUTORELEASING = YES;
				CLANG_WARN_BOOL_CONVERSION = YES;
				CLANG_WARN_COMMA = YES;
				CLANG_WARN_CONSTANT_CONVERSION = YES;
				CLANG_WARN_DEPRECATED_OBJC_IMPLEMENTATIONS = YES;
				CLANG_WARN_DIRECT_OBJC_ISA_USAGE = YES_ERROR;
				CLANG_WARN_DOCUMENTATION_COMMENTS = YES;
				CLANG_WARN_EMPTY_BODY = YES;
				CLANG_WARN_ENUM_CONVERSION = YES;
				CLANG_WARN_INFINITE_RECURSION = YES;
				CLANG_WARN_INT_CONVERSION = YES;
				CLANG_WARN_NON_LITERAL_NULL_CONVERSION = YES;
				CLANG_WARN_OBJC_IMPLICIT_RETAIN_SELF = YES;
				CLANG_WARN_OBJC_LITERAL_CONVERSION = YES;
				CLANG_WARN_OBJC_ROOT_CLASS = YES_ERROR;
				CLANG_WARN_QUOTED_INCLUDE_IN_FRAMEWORK_HEADER = YES;
				CLANG_WARN_RANGE_LOOP_ANALYSIS = YES;
				CLANG_WARN_STRICT_PROTOTYPES = YES;
				CLANG_WARN_SUSPICIOUS_MOVE = YES;
				CLANG_WARN_UNGUARDED_AVAILABILITY = YES_AGGRESSIVE;
				CLANG_WARN_UNREACHABLE_CODE = YES;
				CLANG_WARN__DUPLICATE_METHOD_MATCH = YES;
				COPY_PHASE_STRIP = NO;
				DEBUG_INFORMATION_FORMAT = dwarf;
				ENABLE_STRICT_OBJC_MSGSEND = YES;
				ENABLE_TESTABILITY = YES;
				GCC_C_LANGUAGE_STANDARD = gnu11;
				GCC_DYNAMIC_NO_PIC = NO;
				GCC_NO_COMMON_BLOCKS = YES;
				GCC_OPTIMIZATION_LEVEL = 0;
				GCC_PREPROCESSOR_DEFINITIONS = (
					"DEBUG=1",
					"$(inherited)",
				);
				GCC_WARN_64_TO_32_BIT_CONVERSION = YES;
				GCC_WARN_ABOUT_RETURN_TYPE = YES_ERROR;
				GCC_WARN_UNDECLARED_SELECTOR = YES;
				GCC_WARN_UNINITIALIZED_AUTOS = YES_AGGRESSIVE;
				GCC_WARN_UNUSED_FUNCTION = YES;
				GCC_WARN_UNUSED_VARIABLE = YES;
				IPHONEOS_DEPLOYMENT_TARGET = 16.0;
				MTL_ENABLE_DEBUG_INFO = INCLUDE_SOURCE;
				MTL_FAST_MATH = YES;
				ONLY_ACTIVE_ARCH = YES;
				SDKROOT = iphoneos;
				SWIFT_ACTIVE_COMPILATION_CONDITIONS = DEBUG;
				SWIFT_OPTIMIZATION_LEVEL = "-Onone";
			};
			name = Debug;
		};
		3F3423C829DD2C7900C35E69 /* Release */ = {
			isa = XCBuildConfiguration;
			buildSettings = {
				ALWAYS_SEARCH_USER_PATHS = NO;
				CLANG_ANALYZER_LOCALIZABILITY_NONLOCALIZED = YES;
				CLANG_ANALYZER_NONNULL = YES;
				CLANG_ANALYZER_NUMBER_OBJECT_CONVERSION = YES_AGGRESSIVE;
				CLANG_CXX_LANGUAGE_STANDARD = "gnu++20";
				CLANG_ENABLE_MODULES = YES;
				CLANG_ENABLE_OBJC_ARC = YES;
				CLANG_ENABLE_OBJC_WEAK = YES;
				CLANG_WARN_BLOCK_CAPTURE_AUTORELEASING = YES;
				CLANG_WARN_BOOL_CONVERSION = YES;
				CLANG_WARN_COMMA = YES;
				CLANG_WARN_CONSTANT_CONVERSION = YES;
				CLANG_WARN_DEPRECATED_OBJC_IMPLEMENTATIONS = YES;
				CLANG_WARN_DIRECT_OBJC_ISA_USAGE = YES_ERROR;
				CLANG_WARN_DOCUMENTATION_COMMENTS = YES;
				CLANG_WARN_EMPTY_BODY = YES;
				CLANG_WARN_ENUM_CONVERSION = YES;
				CLANG_WARN_INFINITE_RECURSION = YES;
				CLANG_WARN_INT_CONVERSION = YES;
				CLANG_WARN_NON_LITERAL_NULL_CONVERSION = YES;
				CLANG_WARN_OBJC_IMPLICIT_RETAIN_SELF = YES;
				CLANG_WARN_OBJC_LITERAL_CONVERSION = YES;
				CLANG_WARN_OBJC_ROOT_CLASS = YES_ERROR;
				CLANG_WARN_QUOTED_INCLUDE_IN_FRAMEWORK_HEADER = YES;
				CLANG_WARN_RANGE_LOOP_ANALYSIS = YES;
				CLANG_WARN_STRICT_PROTOTYPES = YES;
				CLANG_WARN_SUSPICIOUS_MOVE = YES;
				CLANG_WARN_UNGUARDED_AVAILABILITY = YES_AGGRESSIVE;
				CLANG_WARN_UNREACHABLE_CODE = YES;
				CLANG_WARN__DUPLICATE_METHOD_MATCH = YES;
				COPY_PHASE_STRIP = NO;
				DEBUG_INFORMATION_FORMAT = "dwarf-with-dsym";
				ENABLE_NS_ASSERTIONS = NO;
				ENABLE_STRICT_OBJC_MSGSEND = YES;
				GCC_C_LANGUAGE_STANDARD = gnu11;
				GCC_NO_COMMON_BLOCKS = YES;
				GCC_WARN_64_TO_32_BIT_CONVERSION = YES;
				GCC_WARN_ABOUT_RETURN_TYPE = YES_ERROR;
				GCC_WARN_UNDECLARED_SELECTOR = YES;
				GCC_WARN_UNINITIALIZED_AUTOS = YES_AGGRESSIVE;
				GCC_WARN_UNUSED_FUNCTION = YES;
				GCC_WARN_UNUSED_VARIABLE = YES;
				IPHONEOS_DEPLOYMENT_TARGET = 16.0;
				MTL_ENABLE_DEBUG_INFO = NO;
				MTL_FAST_MATH = YES;
				SDKROOT = iphoneos;
				SWIFT_COMPILATION_MODE = wholemodule;
				SWIFT_OPTIMIZATION_LEVEL = "-O";
				VALIDATE_PRODUCT = YES;
			};
			name = Release;
		};
		3F3423CA29DD2C7900C35E69 /* Debug */ = {
			isa = XCBuildConfiguration;
			buildSettings = {
				ASSETCATALOG_COMPILER_APPICON_NAME = AppIcon;
				ASSETCATALOG_COMPILER_GLOBAL_ACCENT_COLOR_NAME = AccentColor;
				CODE_SIGN_ENTITLEMENTS = Leastimator/Leastimator.entitlements;
				CODE_SIGN_STYLE = Automatic;
				CURRENT_PROJECT_VERSION = 71;
				DEVELOPMENT_ASSET_PATHS = "\"Leastimator/Preview Content\"";
				DEVELOPMENT_TEAM = CFR9F99TN9;
				ENABLE_PREVIEWS = YES;
				GENERATE_INFOPLIST_FILE = YES;
				INFOPLIST_FILE = Leastimator/Info.plist;
				INFOPLIST_KEY_LSApplicationCategoryType = "public.app-category.utilities";
				INFOPLIST_KEY_UIApplicationSceneManifest_Generation = YES;
				INFOPLIST_KEY_UIApplicationSupportsIndirectInputEvents = YES;
				INFOPLIST_KEY_UILaunchScreen_Generation = YES;
				INFOPLIST_KEY_UISupportedInterfaceOrientations = UIInterfaceOrientationPortrait;
				IPHONEOS_DEPLOYMENT_TARGET = 16.0;
				LD_RUNPATH_SEARCH_PATHS = (
					"$(inherited)",
					"@executable_path/Frameworks",
				);
				MARKETING_VERSION = 4.8;
				OTHER_LDFLAGS = "-ObjC";
				PRODUCT_BUNDLE_IDENTIFIER = im.liuhao.leastimator;
				PRODUCT_NAME = "$(TARGET_NAME)";
				SUPPORTED_PLATFORMS = "iphoneos iphonesimulator";
				SUPPORTS_MACCATALYST = NO;
				SUPPORTS_MAC_DESIGNED_FOR_IPHONE_IPAD = NO;
				SWIFT_EMIT_LOC_STRINGS = YES;
				SWIFT_VERSION = 5.0;
				TARGETED_DEVICE_FAMILY = 1;
			};
			name = Debug;
		};
		3F3423CB29DD2C7900C35E69 /* Release */ = {
			isa = XCBuildConfiguration;
			buildSettings = {
				ASSETCATALOG_COMPILER_APPICON_NAME = AppIcon;
				ASSETCATALOG_COMPILER_GLOBAL_ACCENT_COLOR_NAME = AccentColor;
				CODE_SIGN_ENTITLEMENTS = Leastimator/Leastimator.entitlements;
				CODE_SIGN_STYLE = Automatic;
				CURRENT_PROJECT_VERSION = 71;
				DEVELOPMENT_ASSET_PATHS = "\"Leastimator/Preview Content\"";
				DEVELOPMENT_TEAM = CFR9F99TN9;
				ENABLE_PREVIEWS = YES;
				GENERATE_INFOPLIST_FILE = YES;
				INFOPLIST_FILE = Leastimator/Info.plist;
				INFOPLIST_KEY_LSApplicationCategoryType = "public.app-category.utilities";
				INFOPLIST_KEY_UIApplicationSceneManifest_Generation = YES;
				INFOPLIST_KEY_UIApplicationSupportsIndirectInputEvents = YES;
				INFOPLIST_KEY_UILaunchScreen_Generation = YES;
				INFOPLIST_KEY_UISupportedInterfaceOrientations = UIInterfaceOrientationPortrait;
				IPHONEOS_DEPLOYMENT_TARGET = 16.0;
				LD_RUNPATH_SEARCH_PATHS = (
					"$(inherited)",
					"@executable_path/Frameworks",
				);
				MARKETING_VERSION = 4.8;
				OTHER_LDFLAGS = "-ObjC";
				PRODUCT_BUNDLE_IDENTIFIER = im.liuhao.leastimator;
				PRODUCT_NAME = "$(TARGET_NAME)";
				SUPPORTED_PLATFORMS = "iphoneos iphonesimulator";
				SUPPORTS_MACCATALYST = NO;
				SUPPORTS_MAC_DESIGNED_FOR_IPHONE_IPAD = NO;
				SWIFT_EMIT_LOC_STRINGS = YES;
				SWIFT_VERSION = 5.0;
				TARGETED_DEVICE_FAMILY = 1;
			};
			name = Release;
		};
		3F3423CD29DD2C7900C35E69 /* Debug */ = {
			isa = XCBuildConfiguration;
			buildSettings = {
				ALWAYS_EMBED_SWIFT_STANDARD_LIBRARIES = YES;
				BUNDLE_LOADER = "$(TEST_HOST)";
				CODE_SIGN_STYLE = Automatic;
				CURRENT_PROJECT_VERSION = 1;
				DEVELOPMENT_TEAM = CFR9F99TN9;
				GENERATE_INFOPLIST_FILE = YES;
				IPHONEOS_DEPLOYMENT_TARGET = 16.4;
				MARKETING_VERSION = 1.0;
				PRODUCT_BUNDLE_IDENTIFIER = im.liuhao.LeastimatorTests;
				PRODUCT_NAME = "$(TARGET_NAME)";
				SWIFT_EMIT_LOC_STRINGS = NO;
				SWIFT_VERSION = 5.0;
				TARGETED_DEVICE_FAMILY = "1,2";
				TEST_HOST = "$(BUILT_PRODUCTS_DIR)/Leastimator.app/$(BUNDLE_EXECUTABLE_FOLDER_PATH)/Leastimator";
			};
			name = Debug;
		};
		3F3423CE29DD2C7900C35E69 /* Release */ = {
			isa = XCBuildConfiguration;
			buildSettings = {
				ALWAYS_EMBED_SWIFT_STANDARD_LIBRARIES = YES;
				BUNDLE_LOADER = "$(TEST_HOST)";
				CODE_SIGN_STYLE = Automatic;
				CURRENT_PROJECT_VERSION = 1;
				DEVELOPMENT_TEAM = CFR9F99TN9;
				GENERATE_INFOPLIST_FILE = YES;
				IPHONEOS_DEPLOYMENT_TARGET = 16.4;
				MARKETING_VERSION = 1.0;
				PRODUCT_BUNDLE_IDENTIFIER = im.liuhao.LeastimatorTests;
				PRODUCT_NAME = "$(TARGET_NAME)";
				SWIFT_EMIT_LOC_STRINGS = NO;
				SWIFT_VERSION = 5.0;
				TARGETED_DEVICE_FAMILY = "1,2";
				TEST_HOST = "$(BUILT_PRODUCTS_DIR)/Leastimator.app/$(BUNDLE_EXECUTABLE_FOLDER_PATH)/Leastimator";
			};
			name = Release;
		};
		3F3423D029DD2C7900C35E69 /* Debug */ = {
			isa = XCBuildConfiguration;
			buildSettings = {
				ALWAYS_EMBED_SWIFT_STANDARD_LIBRARIES = YES;
				CODE_SIGN_STYLE = Automatic;
				CURRENT_PROJECT_VERSION = 1;
				DEVELOPMENT_TEAM = CFR9F99TN9;
				GENERATE_INFOPLIST_FILE = YES;
				MARKETING_VERSION = 1.0;
				PRODUCT_BUNDLE_IDENTIFIER = im.liuhao.LeastimatorUITests;
				PRODUCT_NAME = "$(TARGET_NAME)";
				SWIFT_EMIT_LOC_STRINGS = NO;
				SWIFT_VERSION = 5.0;
				TARGETED_DEVICE_FAMILY = "1,2";
				TEST_TARGET_NAME = Leastimator;
			};
			name = Debug;
		};
		3F3423D129DD2C7900C35E69 /* Release */ = {
			isa = XCBuildConfiguration;
			buildSettings = {
				ALWAYS_EMBED_SWIFT_STANDARD_LIBRARIES = YES;
				CODE_SIGN_STYLE = Automatic;
				CURRENT_PROJECT_VERSION = 1;
				DEVELOPMENT_TEAM = CFR9F99TN9;
				GENERATE_INFOPLIST_FILE = YES;
				MARKETING_VERSION = 1.0;
				PRODUCT_BUNDLE_IDENTIFIER = im.liuhao.LeastimatorUITests;
				PRODUCT_NAME = "$(TARGET_NAME)";
				SWIFT_EMIT_LOC_STRINGS = NO;
				SWIFT_VERSION = 5.0;
				TARGETED_DEVICE_FAMILY = "1,2";
				TEST_TARGET_NAME = Leastimator;
			};
			name = Release;
		};
/* End XCBuildConfiguration section */

/* Begin XCConfigurationList section */
		3F34239B29DD2C7800C35E69 /* Build configuration list for PBXProject "Leastimator" */ = {
			isa = XCConfigurationList;
			buildConfigurations = (
				3F3423C729DD2C7900C35E69 /* Debug */,
				3F3423C829DD2C7900C35E69 /* Release */,
			);
			defaultConfigurationIsVisible = 0;
			defaultConfigurationName = Release;
		};
		3F3423C929DD2C7900C35E69 /* Build configuration list for PBXNativeTarget "Leastimator" */ = {
			isa = XCConfigurationList;
			buildConfigurations = (
				3F3423CA29DD2C7900C35E69 /* Debug */,
				3F3423CB29DD2C7900C35E69 /* Release */,
			);
			defaultConfigurationIsVisible = 0;
			defaultConfigurationName = Release;
		};
		3F3423CC29DD2C7900C35E69 /* Build configuration list for PBXNativeTarget "LeastimatorTests" */ = {
			isa = XCConfigurationList;
			buildConfigurations = (
				3F3423CD29DD2C7900C35E69 /* Debug */,
				3F3423CE29DD2C7900C35E69 /* Release */,
			);
			defaultConfigurationIsVisible = 0;
			defaultConfigurationName = Release;
		};
		3F3423CF29DD2C7900C35E69 /* Build configuration list for PBXNativeTarget "LeastimatorUITests" */ = {
			isa = XCConfigurationList;
			buildConfigurations = (
				3F3423D029DD2C7900C35E69 /* Debug */,
				3F3423D129DD2C7900C35E69 /* Release */,
			);
			defaultConfigurationIsVisible = 0;
			defaultConfigurationName = Release;
		};
/* End XCConfigurationList section */

/* Begin XCRemoteSwiftPackageReference section */
		3F3423E729DD2F0D00C35E69 /* XCRemoteSwiftPackageReference "TPInAppReceipt" */ = {
			isa = XCRemoteSwiftPackageReference;
			repositoryURL = "https://github.com/tikhop/TPInAppReceipt.git";
			requirement = {
				kind = upToNextMajorVersion;
				minimumVersion = 3.0.0;
			};
		};
		3F3423EE29DD2F5E00C35E69 /* XCRemoteSwiftPackageReference "mixpanel-swift" */ = {
			isa = XCRemoteSwiftPackageReference;
			repositoryURL = "https://github.com/mixpanel/mixpanel-swift.git";
			requirement = {
				branch = master;
				kind = branch;
			};
		};
		3F3423F729DD2FDF00C35E69 /* XCRemoteSwiftPackageReference "SwiftRater" */ = {
			isa = XCRemoteSwiftPackageReference;
			repositoryURL = "https://github.com/takecian/SwiftRater";
			requirement = {
				kind = upToNextMajorVersion;
				minimumVersion = 2.0.0;
			};
		};
		3F34240829DD30BF00C35E69 /* XCRemoteSwiftPackageReference "swift-package-manager-google-mobile-ads" */ = {
			isa = XCRemoteSwiftPackageReference;
			repositoryURL = "https://github.com/googleads/swift-package-manager-google-mobile-ads.git";
			requirement = {
				kind = upToNextMajorVersion;
				minimumVersion = 10.0.0;
			};
		};
/* End XCRemoteSwiftPackageReference section */

/* Begin XCSwiftPackageProductDependency section */
		3F3423E829DD2F0D00C35E69 /* TPInAppReceipt */ = {
			isa = XCSwiftPackageProductDependency;
			package = 3F3423E729DD2F0D00C35E69 /* XCRemoteSwiftPackageReference "TPInAppReceipt" */;
			productName = TPInAppReceipt;
		};
		3F3423EF29DD2F5E00C35E69 /* Mixpanel */ = {
			isa = XCSwiftPackageProductDependency;
			package = 3F3423EE29DD2F5E00C35E69 /* XCRemoteSwiftPackageReference "mixpanel-swift" */;
			productName = Mixpanel;
		};
		3F3423F829DD2FDF00C35E69 /* SwiftRater */ = {
			isa = XCSwiftPackageProductDependency;
			package = 3F3423F729DD2FDF00C35E69 /* XCRemoteSwiftPackageReference "SwiftRater" */;
			productName = SwiftRater;
		};
		3F34240929DD30BF00C35E69 /* GoogleMobileAds */ = {
			isa = XCSwiftPackageProductDependency;
			package = 3F34240829DD30BF00C35E69 /* XCRemoteSwiftPackageReference "swift-package-manager-google-mobile-ads" */;
			productName = GoogleMobileAds;
		};
/* End XCSwiftPackageProductDependency section */

/* Begin XCVersionGroup section */
		3F3423AE29DD2C7900C35E69 /* Leastimator.xcdatamodeld */ = {
			isa = XCVersionGroup;
			children = (
				3F3423AF29DD2C7900C35E69 /* Leastimator.xcdatamodel */,
			);
			currentVersion = 3F3423AF29DD2C7900C35E69 /* Leastimator.xcdatamodel */;
			path = Leastimator.xcdatamodeld;
			sourceTree = "<group>";
			versionGroupType = wrapper.xcdatamodel;
		};
/* End XCVersionGroup section */
	};
	rootObject = 3F34239829DD2C7800C35E69 /* Project object */;
}
